{
  "lockfileVersion": 1,
  "configVersion": 1,
  "workspaces": {
    "": {
      "name": "di-framework-kube-examples",
      "dependencies": {
        "@di-framework/core": "link:@di-framework/core",
        "@di-framework/http": "link:@di-framework/http",
      },
      "devDependencies": {
        "@di-framework/cli": "link:@di-framework/cli",
        "@di-framework/cli-extension": "link:@di-framework/cli-extension",
        "@di-framework/cli-plugin-wasmcloud": "link:@di-framework/cli-plugin-wasmcloud",
        "@types/bun": "1.3.14",
        "rolldown": "1.2.7",
        "typescript": "5.9.3",
      },
    },
    "apps/blobstore": {
      "name": "@di-framework-kube-examples/blobstore",
      "version": "0.1.0",
      "dependencies": {
        "@di-framework/core": "5.3.0",
        "@di-framework/http": "5.3.0",
        "@di-framework/wasmcloud": "5.3.0",
      },
    },
    "apps/catalog": {
      "name": "@di-framework-kube-examples/catalog",
      "version": "0.1.0",
      "dependencies": {
        "@di-framework/core": "5.3.0",
        "@di-framework/http": "5.3.0",
      },
    },
    "apps/config": {
      "name": "@di-framework-kube-examples/config",
      "version": "0.1.0",
      "dependencies": {
        "@di-framework/core": "5.3.0",
        "@di-framework/http": "5.3.0",
        "@di-framework/wasmcloud": "5.3.0",
      },
    },
    "apps/greeter": {
      "name": "@di-framework-kube-examples/greeter",
      "version": "0.1.0",
      "dependencies": {
        "@di-framework/core": "5.3.0",
        "@di-framework/http": "5.3.0",
      },
    },
    "apps/keyvalue": {
      "name": "@di-framework-kube-examples/keyvalue",
      "version": "0.1.0",
      "dependencies": {
        "@di-framework/core": "5.3.0",
        "@di-framework/http": "5.3.0",
        "@di-framework/wasmcloud": "5.3.0",
      },
    },
    "apps/messaging": {
      "name": "@di-framework-kube-examples/messaging",
      "version": "0.1.0",
      "dependencies": {
        "@di-framework/core": "5.3.0",
        "@di-framework/http": "5.3.0",
        "@di-framework/wasmcloud": "5.3.0",
      },
    },
    "apps/node-crypto": {
      "name": "@di-framework-kube-examples/node-crypto",
      "version": "0.1.0",
      "dependencies": {
        "@di-framework/core": "5.3.0",
        "@di-framework/http": "5.3.0",
      },
    },
    "apps/node-http": {
      "name": "@di-framework-kube-examples/node-http",
      "version": "0.1.0",
      "dependencies": {
        "@di-framework/core": "5.3.0",
        "@di-framework/http": "5.3.0",
      },
    },
    "apps/node-network": {
      "name": "@di-framework-kube-examples/node-network",
      "version": "0.1.0",
      "dependencies": {
        "@di-framework/core": "5.3.0",
        "@di-framework/http": "5.3.0",
      },
    },
    "apps/node-runtime": {
      "name": "@di-framework-kube-examples/node-runtime",
      "version": "0.1.0",
      "dependencies": {
        "@di-framework/core": "5.3.0",
        "@di-framework/http": "5.3.0",
      },
    },
    "apps/node-tls": {
      "name": "@di-framework-kube-examples/node-tls",
      "version": "0.1.0",
      "dependencies": {
        "@di-framework/core": "5.3.0",
        "@di-framework/http": "5.3.0",
      },
    },
    "apps/outgoing-http": {
      "name": "@di-framework-kube-examples/outgoing-http",
      "version": "0.1.0",
      "dependencies": {
        "@di-framework/core": "5.3.0",
        "@di-framework/http": "5.3.0",
        "@di-framework/wasmcloud": "5.3.0",
      },
    },
    "apps/postgres": {
      "name": "@di-framework-kube-examples/postgres",
      "version": "0.1.0",
      "dependencies": {
        "@di-framework/core": "5.3.0",
        "@di-framework/http": "5.3.0",
        "@di-framework/wasmcloud": "5.3.0",
      },
    },
    "apps/quotes": {
      "name": "@di-framework-kube-examples/quotes",
      "version": "0.1.0",
      "dependencies": {
        "@di-framework/core": "5.3.0",
        "@di-framework/http": "5.3.0",
      },
    },
    "apps/secrets": {
      "name": "@di-framework-kube-examples/secrets",
      "version": "0.1.0",
      "dependencies": {
        "@di-framework/core": "5.3.0",
        "@di-framework/http": "5.3.0",
        "@di-framework/wasmcloud": "5.3.0",
      },
    },
  },
  "overrides": {
    "@di-framework/cli": "link:@di-framework/cli",
    "@di-framework/cli-extension": "link:@di-framework/cli-extension",
    "@di-framework/cli-plugin-wasmcloud": "link:@di-framework/cli-plugin-wasmcloud",
    "@di-framework/core": "link:@di-framework/core",
    "@di-framework/http": "link:@di-framework/http",
  },
  "packages": {
    "@di-framework-kube-examples/blobstore": ["@di-framework-kube-examples/blobstore@workspace:apps/blobstore"],

    "@di-framework-kube-examples/catalog": ["@di-framework-kube-examples/catalog@workspace:apps/catalog"],

    "@di-framework-kube-examples/config": ["@di-framework-kube-examples/config@workspace:apps/config"],

    "@di-framework-kube-examples/greeter": ["@di-framework-kube-examples/greeter@workspace:apps/greeter"],

    "@di-framework-kube-examples/keyvalue": ["@di-framework-kube-examples/keyvalue@workspace:apps/keyvalue"],

    "@di-framework-kube-examples/messaging": ["@di-framework-kube-examples/messaging@workspace:apps/messaging"],

    "@di-framework-kube-examples/node-crypto": ["@di-framework-kube-examples/node-crypto@workspace:apps/node-crypto"],

    "@di-framework-kube-examples/node-http": ["@di-framework-kube-examples/node-http@workspace:apps/node-http"],

    "@di-framework-kube-examples/node-network": ["@di-framework-kube-examples/node-network@workspace:apps/node-network"],

    "@di-framework-kube-examples/node-runtime": ["@di-framework-kube-examples/node-runtime@workspace:apps/node-runtime"],

    "@di-framework-kube-examples/node-tls": ["@di-framework-kube-examples/node-tls@workspace:apps/node-tls"],

    "@di-framework-kube-examples/outgoing-http": ["@di-framework-kube-examples/outgoing-http@workspace:apps/outgoing-http"],

    "@di-framework-kube-examples/postgres": ["@di-framework-kube-examples/postgres@workspace:apps/postgres"],

    "@di-framework-kube-examples/quotes": ["@di-framework-kube-examples/quotes@workspace:apps/quotes"],

    "@di-framework-kube-examples/secrets": ["@di-framework-kube-examples/secrets@workspace:apps/secrets"],

    "@di-framework/cli": ["@di-framework/cli@link:@di-framework/cli", { "bin": { "di-framework": "./main.ts" } }],

    "@di-framework/cli-extension": ["@di-framework/cli-extension@link:@di-framework/cli-extension", {}],

    "@di-framework/cli-plugin-wasmcloud": ["@di-framework/cli-plugin-wasmcloud@link:@di-framework/cli-plugin-wasmcloud", {}],

    "@di-framework/core": ["@di-framework/core@link:@di-framework/core", {}],

    "@di-framework/http": ["@di-framework/http@link:@di-framework/http", {}],

    "@di-framework/wasmcloud": ["@di-framework/wasmcloud@5.3.0", "", { "peerDependencies": { "@di-framework/core": "^5", "typescript": "^5" } }, "sha512-u1LOEyrw9QLx1w2YVgFTVILTJ+NXTZ3BTtlrzt5kjtt9bBl3NOLWkNAH62MOz78c7yyGq9ALAemw5UK/fa4clw=="],

    "@oxc-project/types": ["@oxc-project/types@0.148.0", "", {}, "sha512-Nm4s/jB+4FpFsPhWGEC4h7rzksesmtnMXomo6rCMcg/b8zLQuOziRgkCS1fxDCXOlJB/6Q8oABOZ/OP6RIPj9A=="],

    "@rolldown/binding-android-arm-eabi": ["@rolldown/binding-android-arm-eabi@1.2.7", "", { "os": "android", "cpu": "arm" }, "sha512-EypzgnYCwyVY4NDHKzGmNJT5b+XaQEBniHxsMdeIQLB/tcCzZnhqrzHpZFbX9iaxx+5RiB8caATBtfvZP7zVxQ=="],

    "@rolldown/binding-android-arm64": ["@rolldown/binding-android-arm64@1.2.7", "", { "os": "android", "cpu": "arm64" }, "sha512-l17HE9EweWaqJZhuUuNBN/FzM62xw+DECVnJyvMsxn8vJFAGLy5QfLDoYAcronkAN8VxKZHezDpulHDPx95vFw=="],

    "@rolldown/binding-darwin-arm64": ["@rolldown/binding-darwin-arm64@1.2.7", "", { "os": "darwin", "cpu": "arm64" }, "sha512-8ED8ELFvHXc6OCETIn4gXObPiaR6bckM/ipXtbzlPVDRMBfEGjCKgO90F9YtfdpDatVx/ZQw7aZ1vUMf/+T3Mw=="],

    "@rolldown/binding-darwin-x64": ["@rolldown/binding-darwin-x64@1.2.7", "", { "os": "darwin", "cpu": "x64" }, "sha512-/WPripjtiAIZ2tWY7ddijORT0Ujg87wxWW/qcoFVCKAWVDPhtY0xr7Dj0M3GyNGz60jGwTElhro/mkF9dT7dDQ=="],

    "@rolldown/binding-freebsd-x64": ["@rolldown/binding-freebsd-x64@1.2.7", "", { "os": "freebsd", "cpu": "x64" }, "sha512-14DI4NcqpvbICxSnGLx3PmtDaWqRP/KGSGb6C+JLLVPeZRl6dKdHba3pGsqT3vpdTqhEYIPG0MMQ8c0xYqoJxA=="],

    "@rolldown/binding-linux-arm-gnueabihf": ["@rolldown/binding-linux-arm-gnueabihf@1.2.7", "", { "os": "linux", "cpu": "arm" }, "sha512-bxrWIRvHWQvbJwi+VIie/kDJmQxcNE6xxWwZdqF/ExVAigtHkv54WTLQPb+QsZdnFy18fg7JPfWGL0RH6vwIlQ=="],

    "@rolldown/binding-linux-arm64-gnu": ["@rolldown/binding-linux-arm64-gnu@1.2.7", "", { "os": "linux", "cpu": "arm64" }, "sha512-toOY2BChBZyuxU7OYX6Tn389di4IzAqPTycVcci0O7FSfBqzRB3RZn+K5Is6ANf4tmgRd/K1yZTsNTXbkXsnLg=="],

    "@rolldown/binding-linux-arm64-musl": ["@rolldown/binding-linux-arm64-musl@1.2.7", "", { "os": "linux", "cpu": "arm64" }, "sha512-lAIXTH/aiLRLxsTgQvfhjo4K1ydWIp00+V0voOr9beb/9ZmkUFrSIb03dXNFRgMNvkE6oGsF10ioQ6UsI+vS5Q=="],

    "@rolldown/binding-linux-ppc64-gnu": ["@rolldown/binding-linux-ppc64-gnu@1.2.7", "", { "os": "linux", "cpu": "ppc64" }, "sha512-kdnwS28Pkenp/mZMRwjXXXwxQ7pIsm+bF919LUK93BOyhcLsrVKdP2p9fxpiPNPAbNuch8ypQt0pm2P2LYCAGg=="],

    "@rolldown/binding-linux-s390x-gnu": ["@rolldown/binding-linux-s390x-gnu@1.2.7", "", { "os": "linux", "cpu": "s390x" }, "sha512-516OdsyLdr5E65paF3yBF55t8mfm9+gmtCsK3xI7XKXIT7EfRlHhxL8K/NR6Hu8BWSgF5+1w74lTL0+nxcc8Qw=="],

    "@rolldown/binding-linux-x64-gnu": ["@rolldown/binding-linux-x64-gnu@1.2.7", "", { "os": "linux", "cpu": "x64" }, "sha512-r8/z8n7GFaYRln3xmP1Cxy0HH/HLM0uBUPkEuSVEfKGDA89M0FsZRZJRSwe/tJjRx+fpH/gjorfhB8tmEbSFLA=="],

    "@rolldown/binding-linux-x64-musl": ["@rolldown/binding-linux-x64-musl@1.2.7", "", { "os": "linux", "cpu": "x64" }, "sha512-pAsE8iiDxUg1xBqdhrTfg45AVDVpirjz00sblEYClGNNcMnDb+e8beQgqIAw6LvauX/APvgxUnwrgun/YYGBhw=="],

    "@rolldown/binding-openharmony-arm64": ["@rolldown/binding-openharmony-arm64@1.2.7", "", { "os": "none", "cpu": "arm64" }, "sha512-lTcIYmmnQQA8Or/2DatS6oSqcdLHvendjS+zLu+FwgToynWMRSmQdpM65fTANJgIS4mjbMOo5KT2lnT9SAb96w=="],

    "@rolldown/binding-win32-arm64-msvc": ["@rolldown/binding-win32-arm64-msvc@1.2.7", "", { "os": "win32", "cpu": "arm64" }, "sha512-e3Gu3WxbNk/UqQhxqU7YIYO+9ZBvWNz3U+h/qRFosscMFzdRPbXYSaSWgSnklv2fz1TgzBTcti2z35c/7irsHw=="],

    "@rolldown/binding-win32-x64-msvc": ["@rolldown/binding-win32-x64-msvc@1.2.7", "", { "os": "win32", "cpu": "x64" }, "sha512-W/jg5qoRSqjsEv0+dZi4e687mcHqmVuU0P4fK6qS/xjetW2Gmc1W8j//z5nAeNcC8Ttm0hV46IjcYeuVwYhuiw=="],

    "@rolldown/pluginutils": ["@rolldown/pluginutils@1.0.1", "", {}, "sha512-2j9bGt5Jh8hj+vPtgzPtl72j0yRxHAyumoo6TNfAjsLB04UtpSvPbPcDcBMxz7n+9CYB0c1GxQFxYRg2jimqGw=="],

    "@types/bun": ["@types/bun@1.3.14", "", { "dependencies": { "bun-types": "1.3.14" } }, "sha512-h1hFqFVcvAvD9j9K7ZW7vd82aSA+rTdznZa+5bwvCwqSB1jmmfLcbIWhOLx1/+boy/xmjgCs/OMUL8hRJSmnPw=="],

    "@types/node": ["@types/node@26.5.0", "", { "dependencies": { "undici-types": "~8.9.0" } }, "sha512-dVSGpriSoCgz8WnDNTuSSuSv1PC/ALXihO4ulRZt7Md8k9mlbdin3lGOcDE8SnWOgf513ByWlXd7BK4azmyg/A=="],

    "bun-types": ["bun-types@1.3.14", "", { "dependencies": { "@types/node": "*" } }, "sha512-4N0ig0fEomHt5R0KCFWjovxow98rIoRwKolrYdCcknNwMekCXRnWEUvgu5soYV8QXtVsrUD8B95MBOZGPvr6KQ=="],

    "rolldown": ["rolldown@1.2.7", "", { "dependencies": { "@oxc-project/types": "=0.148.0", "@rolldown/pluginutils": "^1.0.0" }, "optionalDependencies": { "@rolldown/binding-android-arm-eabi": "1.2.7", "@rolldown/binding-android-arm64": "1.2.7", "@rolldown/binding-darwin-arm64": "1.2.7", "@rolldown/binding-darwin-x64": "1.2.7", "@rolldown/binding-freebsd-x64": "1.2.7", "@rolldown/binding-linux-arm-gnueabihf": "1.2.7", "@rolldown/binding-linux-arm64-gnu": "1.2.7", "@rolldown/binding-linux-arm64-musl": "1.2.7", "@rolldown/binding-linux-ppc64-gnu": "1.2.7", "@rolldown/binding-linux-s390x-gnu": "1.2.7", "@rolldown/binding-linux-x64-gnu": "1.2.7", "@rolldown/binding-linux-x64-musl": "1.2.7", "@rolldown/binding-openharmony-arm64": "1.2.7", "@rolldown/binding-win32-arm64-msvc": "1.2.7", "@rolldown/binding-win32-x64-msvc": "1.2.7" }, "bin": { "rolldown": "./bin/cli.mjs" } }, "sha512-g0EtLvBjTUB7jhyV0S/TCup3v/XSVl45vUIGbOGU4QPiyjTenCe4mKuFvW9fEgYmS2Fo42AUssRmNuMziXdrig=="],

    "typescript": ["typescript@5.9.3", "", { "bin": { "tsc": "bin/tsc", "tsserver": "bin/tsserver" } }, "sha512-jl1vZzPDinLr9eUt3J/t7V6FgNEw9QjvBPdysz9KfQDD41fQrC2Y4vKQdiaUpFT4bXlb1RHhLpp8wtm6M5TgSw=="],

    "undici-types": ["undici-types@8.9.0", "", {}, "sha512-KTDyRTYX8sWmKXAikPHHSyc63CRPETMctyjKFupcC6OBLXT3xsN0e9aF7m+mIXutFWpUXuedtowG7iLOzp0kQg=="],
  }
}
